// !$*UTF8*$!
{
	archiveVersion = 1;
	classes = {
	};
	objectVersion = 46;
	objects = {

/* Begin PBXBuildFile section */
		5E38EBAC1B3900CE00A37ADE /* main.m in Sources */ = {isa = PBXBuildFile; fileRef = 5E38EBAB1B3900CE00A37ADE /* main.m */; };
		5E38EBAF1B3900CE00A37ADE /* AppDelegate.m in Sources */ = {isa = PBXBuildFile; fileRef = 5E38EBAE1B3900CE00A37ADE /* AppDelegate.m */; };
		5E38EBB21B3900CE00A37ADE /* ViewController.m in Sources */ = {isa = PBXBuildFile; fileRef = 5E38EBB11B3900CE00A37ADE /* ViewController.m */; };
		5E38EBB51B3900CE00A37ADE /* Main.storyboard in Resources */ = {isa = PBXBuildFile; fileRef = 5E38EBB31B3900CE00A37ADE /* Main.storyboard */; };
		5E38EBB71B3900CE00A37ADE /* Images.xcassets in Resources */ = {isa = PBXBuildFile; fileRef = 5E38EBB61B3900CE00A37ADE /* Images.xcassets */; };
		5E38EBBA1B3900CE00A37ADE /* LaunchScreen.xib in Resources */ = {isa = PBXBuildFile; fileRef = 5E38EBB81B3900CE00A37ADE /* LaunchScreen.xib */; };
		5E38EBC61B3900CE00A37ADE /* YelpApiExerciseTests.m in Sources */ = {isa = PBXBuildFile; fileRef = 5E38EBC51B3900CE00A37ADE /* YelpApiExerciseTests.m */; };
/* End PBXBuildFile section */

/* Begin PBXContainerItemProxy section */
		5E38EBC01B3900CE00A37ADE /* PBXContainerItemProxy */ = {
			isa = PBXContainerItemProxy;
			containerPortal = 5E38EB9E1B3900CE00A37ADE /* Project object */;
			proxyType = 1;
			remoteGlobalIDString = 5E38EBA51B3900CE00A37ADE;
			remoteInfo = YelpApiExercise;
		};
/* End PBXContainerItemProxy section */

/* Begin PBXFileReference section */
		5E38EBA61B3900CE00A37ADE /* YelpApiExercise.app */ = {isa = PBXFileReference; explicitFileType = wrapper.application; includeInIndex = 0; path = YelpApiExercise.app; sourceTree = BUILT_PRODUCTS_DIR; };
		5E38EBAA1B3900CE00A37ADE /* Info.plist */ = {isa = PBXFileReference; lastKnownFileType = text.plist.xml; path = Info.plist; sourceTree = "<group>"; };
		5E38EBAB1B3900CE00A37ADE /* main.m */ = {isa = PBXFileReference; lastKnownFileType = sourcecode.c.objc; path = main.m; sourceTree = "<group>"; };
		5E38EBAD1B3900CE00A37ADE /* AppDelegate.h */ = {isa = PBXFileReference; lastKnownFileType = sourcecode.c.h; path = AppDelegate.h; sourceTree = "<group>"; };
		5E38EBAE1B3900CE00A37ADE /* AppDelegate.m */ = {isa = PBXFileReference; lastKnownFileType = sourcecode.c.objc; path = AppDelegate.m; sourceTree = "<group>"; };
		5E38EBB01B3900CE00A37ADE /* ViewController.h */ = {isa = PBXFileReference; lastKnownFileType = sourcecode.c.h; path = ViewController.h; sourceTree = "<group>"; };
		5E38EBB11B3900CE00A37ADE /* ViewController.m */ = {isa = PBXFileReference; lastKnownFileType = sourcecode.c.objc; path = ViewController.m; sourceTree = "<group>"; };
		5E38EBB41B3900CE00A37ADE /* Base */ = {isa = PBXFileReference; lastKnownFileType = file.storyboard; name = Base; path = Base.lproj/Main.storyboard; sourceTree = "<group>"; };
		5E38EBB61B3900CE00A37ADE /* Images.xcassets */ = {isa = PBXFileReference; lastKnownFileType = folder.assetcatalog; path = Images.xcassets; sourceTree = "<group>"; };
		5E38EBB91B3900CE00A37ADE /* Base */ = {isa = PBXFileReference; lastKnownFileType = file.xib; name = Base; path = Base.lproj/LaunchScreen.xib; sourceTree = "<group>"; };
		5E38EBBF1B3900CE00A37ADE /* YelpApiExerciseTests.xctest */ = {isa = PBXFileReference; explicitFileType = wrapper.cfbundle; includeInIndex = 0; path = YelpApiExerciseTests.xctest; sourceTree = BUILT_PRODUCTS_DIR; };
		5E38EBC41B3900CE00A37ADE /* Info.plist */ = {isa = PBXFileReference; lastKnownFileType = text.plist.xml; path = Info.plist; sourceTree = "<group>"; };
		5E38EBC51B3900CE00A37ADE /* YelpApiExerciseTests.m */ = {isa = PBXFileReference; lastKnownFileType = sourcecode.c.objc; path = YelpApiExerciseTests.m; sourceTree = "<group>"; };
/* End PBXFileReference section */

/* Begin PBXFrameworksBuildPhase section */
		5E38EBA31B3900CE00A37ADE /* Frameworks */ = {
			isa = PBXFrameworksBuildPhase;
			buildActionMask = 2147483647;
			files = (
			);
			runOnlyForDeploymentPostprocessing = 0;
		};
		5E38EBBC1B3900CE00A37ADE /* Frameworks */ = {
			isa = PBXFrameworksBuildPhase;
			buildActionMask = 2147483647;
			files = (
			);
			runOnlyForDeploymentPostprocessing = 0;
		};
/* End PBXFrameworksBuildPhase section */

/* Begin PBXGroup section */
		5E38EB9D1B3900CE00A37ADE = {
			isa = PBXGroup;
			children = (
				5E38EBA81B3900CE00A37ADE /* YelpApiExercise */,
				5E38EBC21B3900CE00A37ADE /* YelpApiExerciseTests */,
				5E38EBA71B3900CE00A37ADE /* Products */,
			);
			sourceTree = "<group>";
		};
		5E38EBA71B3900CE00A37ADE /* Products */ = {
			isa = PBXGroup;
			children = (
				5E38EBA61B3900CE00A37ADE /* YelpApiExercise.app */,
				5E38EBBF1B3900CE00A37ADE /* YelpApiExerciseTests.xctest */,
			);
			name = Products;
			sourceTree = "<group>";
		};
		5E38EBA81B3900CE00A37ADE /* YelpApiExercise */ = {
			isa = PBXGroup;
			children = (
				5E38EBAD1B3900CE00A37ADE /* AppDelegate.h */,
				5E38EBAE1B3900CE00A37ADE /* AppDelegate.m */,
				5E38EBB01B3900CE00A37ADE /* ViewController.h */,
				5E38EBB11B3900CE00A37ADE /* ViewController.m */,
				5E38EBB31B3900CE00A37ADE /* Main.storyboard */,
				5E38EBB61B3900CE00A37ADE /* Images.xcassets */,
				5E38EBB81B3900CE00A37ADE /* LaunchScreen.xib */,
				5E38EBA91B3900CE00A37ADE /* Supporting Files */,
			);
			path = YelpApiExercise;
			sourceTree = "<group>";
		};
		5E38EBA91B3900CE00A37ADE /* Supporting Files */ = {
			isa = PBXGroup;
			children = (
				5E38EBAA1B3900CE00A37ADE /* Info.plist */,
				5E38EBAB1B3900CE00A37ADE /* main.m */,
			);
			name = "Supporting Files";
			sourceTree = "<group>";
		};
		5E38EBC21B3900CE00A37ADE /* YelpApiExerciseTests */ = {
			isa = PBXGroup;
			children = (
				5E38EBC51B3900CE00A37ADE /* YelpApiExerciseTests.m */,
				5E38EBC31B3900CE00A37ADE /* Supporting Files */,
			);
			path = YelpApiExerciseTests;
			sourceTree = "<group>";
		};
		5E38EBC31B3900CE00A37ADE /* Supporting Files */ = {
			isa = PBXGroup;
			children = (
				5E38EBC41B3900CE00A37ADE /* Info.plist */,
			);
			name = "Supporting Files";
			sourceTree = "<group>";
		};
/* End PBXGroup section */

/* Begin PBXNativeTarget section */
		5E38EBA51B3900CE00A37ADE /* YelpApiExercise */ = {
			isa = PBXNativeTarget;
			buildConfigurationList = 5E38EBC91B3900CE00A37ADE /* Build configuration list for PBXNativeTarget "YelpApiExercise" */;
			buildPhases = (
				5E38EBA21B3900CE00A37ADE /* Sources */,
				5E38EBA31B3900CE00A37ADE /* Frameworks */,
				5E38EBA41B3900CE00A37ADE /* Resources */,
			);
			buildRules = (
			);
			dependencies = (
			);
			name = YelpApiExercise;
			productName = YelpApiExercise;
			productReference = 5E38EBA61B3900CE00A37ADE /* YelpApiExercise.app */;
			productType = "com.apple.product-type.application";
		};
		5E38EBBE1B3900CE00A37ADE /* YelpApiExerciseTests */ = {
			isa = PBXNativeTarget;
			buildConfigurationList = 5E38EBCC1B3900CE00A37ADE /* Build configuration list for PBXNativeTarget "YelpApiExerciseTests" */;
			buildPhases = (
				5E38EBBB1B3900CE00A37ADE /* Sources */,
				5E38EBBC1B3900CE00A37ADE /* Frameworks */,
				5E38EBBD1B3900CE00A37ADE /* Resources */,
			);
			buildRules = (
			);
			dependencies = (
				5E38EBC11B3900CE00A37ADE /* PBXTargetDependency */,
			);
			name = YelpApiExerciseTests;
			productName = YelpApiExerciseTests;
			productReference = 5E38EBBF1B3900CE00A37ADE /* YelpApiExerciseTests.xctest */;
			productType = "com.apple.product-type.bundle.unit-test";
		};
/* End PBXNativeTarget section */

/* Begin PBXProject section */
		5E38EB9E1B3900CE00A37ADE /* Project object */ = {
			isa = PBXProject;
			attributes = {
				LastUpgradeCheck = 0630;
				ORGANIZATIONNAME = "Chu-An Hsieh";
				TargetAttributes = {
					5E38EBA51B3900CE00A37ADE = {
						CreatedOnToolsVersion = 6.3.2;
					};
					5E38EBBE1B3900CE00A37ADE = {
						CreatedOnToolsVersion = 6.3.2;
						TestTargetID = 5E38EBA51B3900CE00A37ADE;
					};
				};
			};
			buildConfigurationList = 5E38EBA11B3900CE00A37ADE /* Build configuration list for PBXProject "YelpApiExercise" */;
			compatibilityVersion = "Xcode 3.2";
			developmentRegion = English;
			hasScannedForEncodings = 0;
			knownRegions = (
				en,
				Base,
			);
			mainGroup = 5E38EB9D1B3900CE00A37ADE;
			productRefGroup = 5E38EBA71B3900CE00A37ADE /* Products */;
			projectDirPath = "";
			projectRoot = "";
			targets = (
				5E38EBA51B3900CE00A37ADE /* YelpApiExercise */,
				5E38EBBE1B3900CE00A37ADE /* YelpApiExerciseTests */,
			);
		};
/* End PBXProject section */

/* Begin PBXResourcesBuildPhase section */
		5E38EBA41B3900CE00A37ADE /* Resources */ = {
			isa = PBXResourcesBuildPhase;
			buildActionMask = 2147483647;
			files = (
				5E38EBB51B3900CE00A37ADE /* Main.storyboard in Resources */,
				5E38EBBA1B3900CE00A37ADE /* LaunchScreen.xib in Resources */,
				5E38EBB71B3900CE00A37ADE /* Images.xcassets in Resources */,
			);
			runOnlyForDeploymentPostprocessing = 0;
		};
		5E38EBBD1B3900CE00A37ADE /* Resources */ = {
			isa = PBXResourcesBuildPhase;
			buildActionMask = 2147483647;
			files = (
			);
			runOnlyForDeploymentPostprocessing = 0;
		};
/* End PBXResourcesBuildPhase section */

/* Begin PBXSourcesBuildPhase section */
		5E38EBA21B3900CE00A37ADE /* Sources */ = {
			isa = PBXSourcesBuildPhase;
			buildActionMask = 2147483647;
			files = (
				5E38EBB21B3900CE00A37ADE /* ViewController.m in Sources */,
				5E38EBAF1B3900CE00A37ADE /* AppDelegate.m in Sources */,
				5E38EBAC1B3900CE00A37ADE /* main.m in Sources */,
			);
			runOnlyForDeploymentPostprocessing = 0;
		};
		5E38EBBB1B3900CE00A37ADE /* Sources */ = {
			isa = PBXSourcesBuildPhase;
			buildActionMask = 2147483647;
			files = (
				5E38EBC61B3900CE00A37ADE /* YelpApiExerciseTests.m in Sources */,
			);
			runOnlyForDeploymentPostprocessing = 0;
		};
/* End PBXSourcesBuildPhase section */

/* Begin PBXTargetDependency section */
		5E38EBC11B3900CE00A37ADE /* PBXTargetDependency */ = {
			isa = PBXTargetDependency;
			target = 5E38EBA51B3900CE00A37ADE /* YelpApiExercise */;
			targetProxy = 5E38EBC01B3900CE00A37ADE /* PBXContainerItemProxy */;
		};
/* End PBXTargetDependency section */

/* Begin PBXVariantGroup section */
		5E38EBB31B3900CE00A37ADE /* Main.storyboard */ = {
			isa = PBXVariantGroup;
			children = (
				5E38EBB41B3900CE00A37ADE /* Base */,
			);
			name = Main.storyboard;
			sourceTree = "<group>";
		};
		5E38EBB81B3900CE00A37ADE /* LaunchScreen.xib */ = {
			isa = PBXVariantGroup;
			children = (
				5E38EBB91B3900CE00A37ADE /* Base */,
			);
			name = LaunchScreen.xib;
			sourceTree = "<group>";
		};
/* End PBXVariantGroup section */

/* Begin XCBuildConfiguration section */
		5E38EBC71B3900CE00A37ADE /* Debug */ = {
			isa = XCBuildConfiguration;
			buildSettings = {
				ALWAYS_SEARCH_USER_PATHS = NO;
				CLANG_CXX_LANGUAGE_STANDARD = "gnu++0x";
				CLANG_CXX_LIBRARY = "libc++";
				CLANG_ENABLE_MODULES = YES;
				CLANG_ENABLE_OBJC_ARC = YES;
				CLANG_WARN_BOOL_CONVERSION = YES;
				CLANG_WARN_CONSTANT_CONVERSION = YES;
				CLANG_WARN_DIRECT_OBJC_ISA_USAGE = YES_ERROR;
				CLANG_WARN_EMPTY_BODY = YES;
				CLANG_WARN_ENUM_CONVERSION = YES;
				CLANG_WARN_INT_CONVERSION = YES;
				CLANG_WARN_OBJC_ROOT_CLASS = YES_ERROR;
				CLANG_WARN_UNREACHABLE_CODE = YES;
				CLANG_WARN__DUPLICATE_METHOD_MATCH = YES;
				"CODE_SIGN_IDENTITY[sdk=iphoneos*]" = "iPhone Developer";
				COPY_PHASE_STRIP = NO;
				DEBUG_INFORMATION_FORMAT = "dwarf-with-dsym";
				ENABLE_STRICT_OBJC_MSGSEND = YES;
				GCC_C_LANGUAGE_STANDARD = gnu99;
				GCC_DYNAMIC_NO_PIC = NO;
				GCC_NO_COMMON_BLOCKS = YES;
				GCC_OPTIMIZATION_LEVEL = 0;
				GCC_PREPROCESSOR_DEFINITIONS = (
					"DEBUG=1",
					"$(inherited)",
				);
				GCC_SYMBOLS_PRIVATE_EXTERN = NO;
				GCC_WARN_64_TO_32_BIT_CONVERSION = YES;
				GCC_WARN_ABOUT_RETURN_TYPE = YES_ERROR;
				GCC_WARN_UNDECLARED_SELECTOR = YES;
				GCC_WARN_UNINITIALIZED_AUTOS = YES_AGGRESSIVE;
				GCC_WARN_UNUSED_FUNCTION = YES;
				GCC_WARN_UNUSED_VARIABLE = YES;
				IPHONEOS_DEPLOYMENT_TARGET = 8.3;
				MTL_ENABLE_DEBUG_INFO = YES;
				ONLY_ACTIVE_ARCH = YES;
				SDKROOT = iphoneos;
			};
			name = Debug;
		};
		5E38EBC81B3900CE00A37ADE /* Release */ = {
			isa = XCBuildConfiguration;
			buildSettings = {
				ALWAYS_SEARCH_USER_PATHS = NO;
				CLANG_CXX_LANGUAGE_STANDARD = "gnu++0x";
				CLANG_CXX_LIBRARY = "libc++";
				CLANG_ENABLE_MODULES = YES;
				CLANG_ENABLE_OBJC_ARC = YES;
				CLANG_WARN_BOOL_CONVERSION = YES;
				CLANG_WARN_CONSTANT_CONVERSION = YES;
				CLANG_WARN_DIRECT_OBJC_ISA_USAGE = YES_ERROR;
				CLANG_WARN_EMPTY_BODY = YES;
				CLANG_WARN_ENUM_CONVERSION = YES;
				CLANG_WARN_INT_CONVERSION = YES;
				CLANG_WARN_OBJC_ROOT_CLASS = YES_ERROR;
				CLANG_WARN_UNREACHABLE_CODE = YES;
				CLANG_WARN__DUPLICATE_METHOD_MATCH = YES;
				"CODE_SIGN_IDENTITY[sdk=iphoneos*]" = "iPhone Developer";
				COPY_PHASE_STRIP = NO;
				DEBUG_INFORMATION_FORMAT = "dwarf-with-dsym";
				ENABLE_NS_ASSERTIONS = NO;
				ENABLE_STRICT_OBJC_MSGSEND = YES;
				GCC_C_LANGUAGE_STANDARD = gnu99;
				GCC_NO_COMMON_BLOCKS = YES;
				GCC_WARN_64_TO_32_BIT_CONVERSION = YES;
				GCC_WARN_ABOUT_RETURN_TYPE = YES_ERROR;
				GCC_WARN_UNDECLARED_SELECTOR = YES;
				GCC_WARN_UNINITIALIZED_AUTOS = YES_AGGRESSIVE;
				GCC_WARN_UNUSED_FUNCTION = YES;
				GCC_WARN_UNUSED_VARIABLE = YES;
				IPHONEOS_DEPLOYMENT_TARGET = 8.3;
				MTL_ENABLE_DEBUG_INFO = NO;
				SDKROOT = iphoneos;
				VALIDATE_PRODUCT = YES;
			};
			name = Release;
		};
		5E38EBCA1B3900CE00A37ADE /* Debug */ = {
			isa = XCBuildConfiguration;
			buildSettings = {
				ASSETCATALOG_COMPILER_APPICON_NAME = AppIcon;
				INFOPLIST_FILE = YelpApiExercise/Info.plist;
				LD_RUNPATH_SEARCH_PATHS = "$(inherited) @executable_path/Frameworks";
				PRODUCT_NAME = "$(TARGET_NAME)";
			};
			name = Debug;
		};
		5E38EBCB1B3900CE00A37ADE /* Release */ = {
			isa = XCBuildConfiguration;
			buildSettings = {
				ASSETCATALOG_COMPILER_APPICON_NAME = AppIcon;
				INFOPLIST_FILE = YelpApiExercise/Info.plist;
				LD_RUNPATH_SEARCH_PATHS = "$(inherited) @executable_path/Frameworks";
				PRODUCT_NAME = "$(TARGET_NAME)";
			};
			name = Release;
		};
		5E38EBCD1B3900CE00A37ADE /* Debug */ = {
			isa = XCBuildConfiguration;
			buildSettings = {
				BUNDLE_LOADER = "$(TEST_HOST)";
				FRAMEWORK_SEARCH_PATHS = (
					"$(SDKROOT)/Developer/Library/Frameworks",
					"$(inherited)",
				);
				GCC_PREPROCESSOR_DEFINITIONS = (
					"DEBUG=1",
					"$(inherited)",
				);
				INFOPLIST_FILE = YelpApiExerciseTests/Info.plist;
				LD_RUNPATH_SEARCH_PATHS = "$(inherited) @executable_path/Frameworks @loader_path/Frameworks";
				PRODUCT_NAME = "$(TARGET_NAME)";
				TEST_HOST = "$(BUILT_PRODUCTS_DIR)/YelpApiExercise.app/YelpApiExercise";
			};
			name = Debug;
		};
		5E38EBCE1B3900CE00A37ADE /* Release */ = {
			isa = XCBuildConfiguration;
			buildSettings = {
				BUNDLE_LOADER = "$(TEST_HOST)";
				FRAMEWORK_SEARCH_PATHS = (
					"$(SDKROOT)/Developer/Library/Frameworks",
					"$(inherited)",
				);
				INFOPLIST_FILE = YelpApiExerciseTests/Info.plist;
				LD_RUNPATH_SEARCH_PATHS = "$(inherited) @executable_path/Frameworks @loader_path/Frameworks";
				PRODUCT_NAME = "$(TARGET_NAME)";
				TEST_HOST = "$(BUILT_PRODUCTS_DIR)/YelpApiExercise.app/YelpApiExercise";
			};
			name = Release;
		};
/* End XCBuildConfiguration section */

/* Begin XCConfigurationList section */
		5E38EBA11B3900CE00A37ADE /* Build configuration list for PBXProject "YelpApiExercise" */ = {
			isa = XCConfigurationList;
			buildConfigurations = (
				5E38EBC71B3900CE00A37ADE /* Debug */,
				5E38EBC81B3900CE00A37ADE /* Release */,
			);
			defaultConfigurationIsVisible = 0;
			defaultConfigurationName = Release;
		};
		5E38EBC91B3900CE00A37ADE /* Build configuration list for PBXNativeTarget "YelpApiExercise" */ = {
			isa = XCConfigurationList;
			buildConfigurations = (
				5E38EBCA1B3900CE00A37ADE /* Debug */,
				5E38EBCB1B3900CE00A37ADE /* Release */,
			);
			defaultConfigurationIsVisible = 0;
		};
		5E38EBCC1B3900CE00A37ADE /* Build configuration list for PBXNativeTarget "YelpApiExerciseTests" */ = {
			isa = XCConfigurationList;
			buildConfigurations = (
				5E38EBCD1B3900CE00A37ADE /* Debug */,
				5E38EBCE1B3900CE00A37ADE /* Release */,
			);
			defaultConfigurationIsVisible = 0;
		};
/* End XCConfigurationList section */
	};
	rootObject = 5E38EB9E1B3900CE00A37ADE /* Project object */;
}
